
Microsoft Visual Studio Solution File, Format Version 12.00
# Visual Studio Version 16
VisualStudioVersion = 16.0.30225.117
MinimumVisualStudioVersion = 10.0.40219.1
Project("{FAE04EC0-301F-11D3-BF4B-00C04F79EFBC}") = "sap_azure_myo", "sap_azure_myo.csproj", "{BA013477-E6BD-4C87-BEF3-7A6F5D4FA92D}"
EndProject
Global
	GlobalSection(SolutionConfigurationPlatforms) = preSolution
		Debug|Any CPU = Debug|Any CPU
		Release|Any CPU = Release|Any CPU
	EndGlobalSection
	GlobalSection(ProjectConfigurationPlatforms) = postSolution
		{BA013477-E6BD-4C87-BEF3-7A6F5D4FA92D}.Debug|Any CPU.ActiveCfg = Debug|Any CPU
		{BA013477-E6BD-4C87-BEF3-7A6F5D4FA92D}.Debug|Any CPU.Build.0 = Debug|Any CPU
		{BA013477-E6BD-4C87-BEF3-7A6F5D4FA92D}.Release|Any CPU.ActiveCfg = Release|Any CPU
		{BA013477-E6BD-4C87-BEF3-7A6F5D4FA92D}.Release|Any CPU.Build.0 = Release|Any CPU
	EndGlobalSection
	GlobalSection(SolutionProperties) = preSolution
		HideSolutionNode = FALSE
	EndGlobalSection
	GlobalSection(ExtensibilityGlobals) = postSolution
		SolutionGuid = {4882535E-A422-4E95-ABCB-8E29CB2888B3}
	EndGlobalSection
EndGlobal
